schema: '2.0'
stages:
  data_ingestion:
    cmd: python src/cnnClassifier/pipeline/stage_01_data_ingestion.py
    deps:
    - path: config/config.yaml
      hash: md5
      md5: cc650dec5923a792f083721189b28b98
      size: 807
    - path: src/cnnClassifier/pipeline/stage_01_data_ingestion.py
      hash: md5
      md5: 514acd3fe097336dbcd60e423792dd1b
      size: 893
    outs:
    - path: artifacts/data_ingestion/Chicken-fecal-images
      hash: md5
      md5: 9e1f8dd2eae3c29e9d635df89d438ae4.dir
      size: 12207807
      nfiles: 390
  prepare_base_model:
    cmd: python src/cnnClassifier/pipeline/stage_02_prepare_base_model.py
    deps:
    - path: config/config.yaml
      hash: md5
      md5: cc650dec5923a792f083721189b28b98
      size: 807
    - path: src/cnnClassifier/pipeline/stage_02_prepare_base_model.py
      hash: md5
      md5: afff2e5f375b8a907fc366fb8187eeaf
      size: 933
    params:
      params.yaml:
        CLASSES: 2
        IMAGE_SIZE:
        - 224
        - 224
        - 3
        INCLUDE_TOP: false
        LEARNING_RATE: 0.01
        WEIGHTS: imagenet
    outs:
    - path: artifacts/prepare_base_model
      hash: md5
      md5: e6cdd891e611238dcc0983348b739e82.dir
      size: 118059248
      nfiles: 2
  training:
    cmd: python src/cnnClassifier/pipeline/stage_03_training.py
    deps:
    - path: artifacts/data_ingestion/Chicken-fecal-images
      hash: md5
      md5: 9e1f8dd2eae3c29e9d635df89d438ae4.dir
      size: 12207807
      nfiles: 390
    - path: artifacts/prepare_base_model
      hash: md5
      md5: e6cdd891e611238dcc0983348b739e82.dir
      size: 118059248
      nfiles: 2
    - path: config/config.yaml
      hash: md5
      md5: cc650dec5923a792f083721189b28b98
      size: 807
    - path: src/cnnClassifier/components/prepare_callbacks.py
      hash: md5
      md5: a7398692084d31401e9f9e0ca44f9204
      size: 1009
    - path: src/cnnClassifier/pipeline/stage_03_training.py
      hash: md5
      md5: 39ec1fbb274f0e4a5ff95cc472044e5c
      size: 1190
    params:
      params.yaml:
        AUGMENTATION: true
        BATCH_SIZE: 16
        EPOCHS: 10
        IMAGE_SIZE:
        - 224
        - 224
        - 3
    outs:
    - path: artifacts/training/model.h5
      hash: md5
      md5: 3c0621ceda2398caa7a221696475106e
      size: 59340720
  evaluation:
    cmd: python src/cnnClassifier/pipeline/stage_04_evaluation.py
    deps:
    - path: artifacts/data_ingestion/Chicken-fecal-images
      hash: md5
      md5: 9e1f8dd2eae3c29e9d635df89d438ae4.dir
      size: 12207807
      nfiles: 390
    - path: artifacts/training/model.h5
      hash: md5
      md5: 3c0621ceda2398caa7a221696475106e
      size: 59340720
    - path: config/config.yaml
      hash: md5
      md5: cc650dec5923a792f083721189b28b98
      size: 807
    - path: src/cnnClassifier/pipeline/stage_04_evaluation.py
      hash: md5
      md5: 321f4b63bd22ecf051569d27994d2f6f
      size: 803
    params:
      params.yaml:
        BATCH_SIZE: 16
        IMAGE_SIZE:
        - 224
        - 224
        - 3
    outs:
    - path: scores.json
      hash: md5
      md5: 27ab8a650dde2f62d94cc07668fa88f2
      size: 71
